
Microsoft Visual Studio Solution File, Format Version 12.00
# Visual Studio Version 16
VisualStudioVersion = 16.0.30621.155
MinimumVisualStudioVersion = 10.0.40219.1
Project("{FAE04EC0-301F-11D3-BF4B-00C04F79EFBC}") = "TRMDataManager", "TRMDataManager\TRMDataManager.csproj", "{809AA4D3-2998-4BC4-80B4-6EB5F2F7F6CF}"
EndProject
Project("{00D1A9C2-B5F0-4AF3-8072-F6C62B433612}") = "TRMData", "TRMData\TRMData.sqlproj", "{63356B31-0D9A-4C12-BB96-20516B728156}"
EndProject
Project("{FAE04EC0-301F-11D3-BF4B-00C04F79EFBC}") = "TRMDesktopUI", "TRMDesktopUI\TRMDesktopUI.csproj", "{3FB81E9C-3186-450A-AA2B-D52D440F4A53}"
EndProject
Global
	GlobalSection(SolutionConfigurationPlatforms) = preSolution
		Debug|Any CPU = Debug|Any CPU
		Release|Any CPU = Release|Any CPU
	EndGlobalSection
	GlobalSection(ProjectConfigurationPlatforms) = postSolution
		{809AA4D3-2998-4BC4-80B4-6EB5F2F7F6CF}.Debug|Any CPU.ActiveCfg = Debug|Any CPU
		{809AA4D3-2998-4BC4-80B4-6EB5F2F7F6CF}.Debug|Any CPU.Build.0 = Debug|Any CPU
		{809AA4D3-2998-4BC4-80B4-6EB5F2F7F6CF}.Release|Any CPU.ActiveCfg = Release|Any CPU
		{809AA4D3-2998-4BC4-80B4-6EB5F2F7F6CF}.Release|Any CPU.Build.0 = Release|Any CPU
		{63356B31-0D9A-4C12-BB96-20516B728156}.Debug|Any CPU.ActiveCfg = Debug|Any CPU
		{63356B31-0D9A-4C12-BB96-20516B728156}.Debug|Any CPU.Build.0 = Debug|Any CPU
		{63356B31-0D9A-4C12-BB96-20516B728156}.Debug|Any CPU.Deploy.0 = Debug|Any CPU
		{63356B31-0D9A-4C12-BB96-20516B728156}.Release|Any CPU.ActiveCfg = Release|Any CPU
		{63356B31-0D9A-4C12-BB96-20516B728156}.Release|Any CPU.Build.0 = Release|Any CPU
		{63356B31-0D9A-4C12-BB96-20516B728156}.Release|Any CPU.Deploy.0 = Release|Any CPU
		{3FB81E9C-3186-450A-AA2B-D52D440F4A53}.Debug|Any CPU.ActiveCfg = Debug|Any CPU
		{3FB81E9C-3186-450A-AA2B-D52D440F4A53}.Debug|Any CPU.Build.0 = Debug|Any CPU
		{3FB81E9C-3186-450A-AA2B-D52D440F4A53}.Release|Any CPU.ActiveCfg = Release|Any CPU
		{3FB81E9C-3186-450A-AA2B-D52D440F4A53}.Release|Any CPU.Build.0 = Release|Any CPU
	EndGlobalSection
	GlobalSection(SolutionProperties) = preSolution
		HideSolutionNode = FALSE
	EndGlobalSection
	GlobalSection(ExtensibilityGlobals) = postSolution
		SolutionGuid = {8168BF89-1EDD-4A84-A7DB-CD825352DB0E}
	EndGlobalSection
EndGlobal
